// !$*UTF8*$!
{
	archiveVersion = 1;
	classes = {
	};
	objectVersion = 46;
	objects = {

/* Begin PBXBuildFile section */
		84291F0C1E87B33A00778762 /* AppDelegate.swift in Sources */ = {isa = PBXBuildFile; fileRef = 84291F0B1E87B33A00778762 /* AppDelegate.swift */; };
		84291F0E1E87B33A00778762 /* GameScene.sks in Resources */ = {isa = PBXBuildFile; fileRef = 84291F0D1E87B33A00778762 /* GameScene.sks */; };
		84291F101E87B33A00778762 /* Actions.sks in Resources */ = {isa = PBXBuildFile; fileRef = 84291F0F1E87B33A00778762 /* Actions.sks */; };
		84291F121E87B33A00778762 /* GameScene.swift in Sources */ = {isa = PBXBuildFile; fileRef = 84291F111E87B33A00778762 /* GameScene.swift */; };
		84291F141E87B33B00778762 /* GameViewController.swift in Sources */ = {isa = PBXBuildFile; fileRef = 84291F131E87B33B00778762 /* GameViewController.swift */; };
		84291F171E87B33B00778762 /* Main.storyboard in Resources */ = {isa = PBXBuildFile; fileRef = 84291F151E87B33B00778762 /* Main.storyboard */; };
		84291F191E87B33B00778762 /* Assets.xcassets in Resources */ = {isa = PBXBuildFile; fileRef = 84291F181E87B33B00778762 /* Assets.xcassets */; };
		84291F1C1E87B33B00778762 /* LaunchScreen.storyboard in Resources */ = {isa = PBXBuildFile; fileRef = 84291F1A1E87B33B00778762 /* LaunchScreen.storyboard */; };
		84291F271E87B33B00778762 /* TestMemoryLeakTests.swift in Sources */ = {isa = PBXBuildFile; fileRef = 84291F261E87B33B00778762 /* TestMemoryLeakTests.swift */; };
		84291F321E87B33B00778762 /* TestMemoryLeakUITests.swift in Sources */ = {isa = PBXBuildFile; fileRef = 84291F311E87B33B00778762 /* TestMemoryLeakUITests.swift */; };
		84291F401E87B40000778762 /* A.swift in Sources */ = {isa = PBXBuildFile; fileRef = 84291F3F1E87B40000778762 /* A.swift */; };
		84291F421E87B71600778762 /* B.swift in Sources */ = {isa = PBXBuildFile; fileRef = 84291F411E87B71600778762 /* B.swift */; };
		84291F441E87BC6900778762 /* NewSence.swift in Sources */ = {isa = PBXBuildFile; fileRef = 84291F431E87BC6900778762 /* NewSence.swift */; };
/* End PBXBuildFile section */

/* Begin PBXContainerItemProxy section */
		84291F231E87B33B00778762 /* PBXContainerItemProxy */ = {
			isa = PBXContainerItemProxy;
			containerPortal = 84291F001E87B33A00778762 /* Project object */;
			proxyType = 1;
			remoteGlobalIDString = 84291F071E87B33A00778762;
			remoteInfo = TestMemoryLeak;
		};
		84291F2E1E87B33B00778762 /* PBXContainerItemProxy */ = {
			isa = PBXContainerItemProxy;
			containerPortal = 84291F001E87B33A00778762 /* Project object */;
			proxyType = 1;
			remoteGlobalIDString = 84291F071E87B33A00778762;
			remoteInfo = TestMemoryLeak;
		};
/* End PBXContainerItemProxy section */

/* Begin PBXFileReference section */
		84291F081E87B33A00778762 /* TestMemoryLeak.app */ = {isa = PBXFileReference; explicitFileType = wrapper.application; includeInIndex = 0; path = TestMemoryLeak.app; sourceTree = BUILT_PRODUCTS_DIR; };
		84291F0B1E87B33A00778762 /* AppDelegate.swift */ = {isa = PBXFileReference; lastKnownFileType = sourcecode.swift; path = AppDelegate.swift; sourceTree = "<group>"; };
		84291F0D1E87B33A00778762 /* GameScene.sks */ = {isa = PBXFileReference; lastKnownFileType = file.sks; path = GameScene.sks; sourceTree = "<group>"; };
		84291F0F1E87B33A00778762 /* Actions.sks */ = {isa = PBXFileReference; lastKnownFileType = file.sks; path = Actions.sks; sourceTree = "<group>"; };
		84291F111E87B33A00778762 /* GameScene.swift */ = {isa = PBXFileReference; lastKnownFileType = sourcecode.swift; path = GameScene.swift; sourceTree = "<group>"; };
		84291F131E87B33B00778762 /* GameViewController.swift */ = {isa = PBXFileReference; lastKnownFileType = sourcecode.swift; path = GameViewController.swift; sourceTree = "<group>"; };
		84291F161E87B33B00778762 /* Base */ = {isa = PBXFileReference; lastKnownFileType = file.storyboard; name = Base; path = Base.lproj/Main.storyboard; sourceTree = "<group>"; };
		84291F181E87B33B00778762 /* Assets.xcassets */ = {isa = PBXFileReference; lastKnownFileType = folder.assetcatalog; path = Assets.xcassets; sourceTree = "<group>"; };
		84291F1B1E87B33B00778762 /* Base */ = {isa = PBXFileReference; lastKnownFileType = file.storyboard; name = Base; path = Base.lproj/LaunchScreen.storyboard; sourceTree = "<group>"; };
		84291F1D1E87B33B00778762 /* Info.plist */ = {isa = PBXFileReference; lastKnownFileType = text.plist.xml; path = Info.plist; sourceTree = "<group>"; };
		84291F221E87B33B00778762 /* TestMemoryLeakTests.xctest */ = {isa = PBXFileReference; explicitFileType = wrapper.cfbundle; includeInIndex = 0; path = TestMemoryLeakTests.xctest; sourceTree = BUILT_PRODUCTS_DIR; };
		84291F261E87B33B00778762 /* TestMemoryLeakTests.swift */ = {isa = PBXFileReference; lastKnownFileType = sourcecode.swift; path = TestMemoryLeakTests.swift; sourceTree = "<group>"; };
		84291F281E87B33B00778762 /* Info.plist */ = {isa = PBXFileReference; lastKnownFileType = text.plist.xml; path = Info.plist; sourceTree = "<group>"; };
		84291F2D1E87B33B00778762 /* TestMemoryLeakUITests.xctest */ = {isa = PBXFileReference; explicitFileType = wrapper.cfbundle; includeInIndex = 0; path = TestMemoryLeakUITests.xctest; sourceTree = BUILT_PRODUCTS_DIR; };
		84291F311E87B33B00778762 /* TestMemoryLeakUITests.swift */ = {isa = PBXFileReference; lastKnownFileType = sourcecode.swift; path = TestMemoryLeakUITests.swift; sourceTree = "<group>"; };
		84291F331E87B33B00778762 /* Info.plist */ = {isa = PBXFileReference; lastKnownFileType = text.plist.xml; path = Info.plist; sourceTree = "<group>"; };
		84291F3F1E87B40000778762 /* A.swift */ = {isa = PBXFileReference; fileEncoding = 4; lastKnownFileType = sourcecode.swift; path = A.swift; sourceTree = "<group>"; };
		84291F411E87B71600778762 /* B.swift */ = {isa = PBXFileReference; fileEncoding = 4; lastKnownFileType = sourcecode.swift; path = B.swift; sourceTree = "<group>"; };
		84291F431E87BC6900778762 /* NewSence.swift */ = {isa = PBXFileReference; fileEncoding = 4; lastKnownFileType = sourcecode.swift; path = NewSence.swift; sourceTree = "<group>"; };
/* End PBXFileReference section */

/* Begin PBXFrameworksBuildPhase section */
		84291F051E87B33A00778762 /* Frameworks */ = {
			isa = PBXFrameworksBuildPhase;
			buildActionMask = 2147483647;
			files = (
			);
			runOnlyForDeploymentPostprocessing = 0;
		};
		84291F1F1E87B33B00778762 /* Frameworks */ = {
			isa = PBXFrameworksBuildPhase;
			buildActionMask = 2147483647;
			files = (
			);
			runOnlyForDeploymentPostprocessing = 0;
		};
		84291F2A1E87B33B00778762 /* Frameworks */ = {
			isa = PBXFrameworksBuildPhase;
			buildActionMask = 2147483647;
			files = (
			);
			runOnlyForDeploymentPostprocessing = 0;
		};
/* End PBXFrameworksBuildPhase section */

/* Begin PBXGroup section */
		84291EFF1E87B33A00778762 = {
			isa = PBXGroup;
			children = (
				84291F0A1E87B33A00778762 /* TestMemoryLeak */,
				84291F251E87B33B00778762 /* TestMemoryLeakTests */,
				84291F301E87B33B00778762 /* TestMemoryLeakUITests */,
				84291F091E87B33A00778762 /* Products */,
			);
			sourceTree = "<group>";
		};
		84291F091E87B33A00778762 /* Products */ = {
			isa = PBXGroup;
			children = (
				84291F081E87B33A00778762 /* TestMemoryLeak.app */,
				84291F221E87B33B00778762 /* TestMemoryLeakTests.xctest */,
				84291F2D1E87B33B00778762 /* TestMemoryLeakUITests.xctest */,
			);
			name = Products;
			sourceTree = "<group>";
		};
		84291F0A1E87B33A00778762 /* TestMemoryLeak */ = {
			isa = PBXGroup;
			children = (
				84291F0B1E87B33A00778762 /* AppDelegate.swift */,
				84291F0D1E87B33A00778762 /* GameScene.sks */,
				84291F0F1E87B33A00778762 /* Actions.sks */,
				84291F111E87B33A00778762 /* GameScene.swift */,
				84291F131E87B33B00778762 /* GameViewController.swift */,
				84291F151E87B33B00778762 /* Main.storyboard */,
				84291F181E87B33B00778762 /* Assets.xcassets */,
				84291F1A1E87B33B00778762 /* LaunchScreen.storyboard */,
				84291F1D1E87B33B00778762 /* Info.plist */,
				84291F3F1E87B40000778762 /* A.swift */,
				84291F411E87B71600778762 /* B.swift */,
				84291F431E87BC6900778762 /* NewSence.swift */,
			);
			path = TestMemoryLeak;
			sourceTree = "<group>";
		};
		84291F251E87B33B00778762 /* TestMemoryLeakTests */ = {
			isa = PBXGroup;
			children = (
				84291F261E87B33B00778762 /* TestMemoryLeakTests.swift */,
				84291F281E87B33B00778762 /* Info.plist */,
			);
			path = TestMemoryLeakTests;
			sourceTree = "<group>";
		};
		84291F301E87B33B00778762 /* TestMemoryLeakUITests */ = {
			isa = PBXGroup;
			children = (
				84291F311E87B33B00778762 /* TestMemoryLeakUITests.swift */,
				84291F331E87B33B00778762 /* Info.plist */,
			);
			path = TestMemoryLeakUITests;
			sourceTree = "<group>";
		};
/* End PBXGroup section */

/* Begin PBXNativeTarget section */
		84291F071E87B33A00778762 /* TestMemoryLeak */ = {
			isa = PBXNativeTarget;
			buildConfigurationList = 84291F361E87B33B00778762 /* Build configuration list for PBXNativeTarget "TestMemoryLeak" */;
			buildPhases = (
				84291F041E87B33A00778762 /* Sources */,
				84291F051E87B33A00778762 /* Frameworks */,
				84291F061E87B33A00778762 /* Resources */,
			);
			buildRules = (
			);
			dependencies = (
			);
			name = TestMemoryLeak;
			productName = TestMemoryLeak;
			productReference = 84291F081E87B33A00778762 /* TestMemoryLeak.app */;
			productType = "com.apple.product-type.application";
		};
		84291F211E87B33B00778762 /* TestMemoryLeakTests */ = {
			isa = PBXNativeTarget;
			buildConfigurationList = 84291F391E87B33B00778762 /* Build configuration list for PBXNativeTarget "TestMemoryLeakTests" */;
			buildPhases = (
				84291F1E1E87B33B00778762 /* Sources */,
				84291F1F1E87B33B00778762 /* Frameworks */,
				84291F201E87B33B00778762 /* Resources */,
			);
			buildRules = (
			);
			dependencies = (
				84291F241E87B33B00778762 /* PBXTargetDependency */,
			);
			name = TestMemoryLeakTests;
			productName = TestMemoryLeakTests;
			productReference = 84291F221E87B33B00778762 /* TestMemoryLeakTests.xctest */;
			productType = "com.apple.product-type.bundle.unit-test";
		};
		84291F2C1E87B33B00778762 /* TestMemoryLeakUITests */ = {
			isa = PBXNativeTarget;
			buildConfigurationList = 84291F3C1E87B33B00778762 /* Build configuration list for PBXNativeTarget "TestMemoryLeakUITests" */;
			buildPhases = (
				84291F291E87B33B00778762 /* Sources */,
				84291F2A1E87B33B00778762 /* Frameworks */,
				84291F2B1E87B33B00778762 /* Resources */,
			);
			buildRules = (
			);
			dependencies = (
				84291F2F1E87B33B00778762 /* PBXTargetDependency */,
			);
			name = TestMemoryLeakUITests;
			productName = TestMemoryLeakUITests;
			productReference = 84291F2D1E87B33B00778762 /* TestMemoryLeakUITests.xctest */;
			productType = "com.apple.product-type.bundle.ui-testing";
		};
/* End PBXNativeTarget section */

/* Begin PBXProject section */
		84291F001E87B33A00778762 /* Project object */ = {
			isa = PBXProject;
			attributes = {
				LastSwiftUpdateCheck = 0820;
				LastUpgradeCheck = 0820;
				ORGANIZATIONNAME = Admin;
				TargetAttributes = {
					84291F071E87B33A00778762 = {
						CreatedOnToolsVersion = 8.2.1;
						ProvisioningStyle = Automatic;
					};
					84291F211E87B33B00778762 = {
						CreatedOnToolsVersion = 8.2.1;
						ProvisioningStyle = Automatic;
						TestTargetID = 84291F071E87B33A00778762;
					};
					84291F2C1E87B33B00778762 = {
						CreatedOnToolsVersion = 8.2.1;
						ProvisioningStyle = Automatic;
						TestTargetID = 84291F071E87B33A00778762;
					};
				};
			};
			buildConfigurationList = 84291F031E87B33A00778762 /* Build configuration list for PBXProject "TestMemoryLeak" */;
			compatibilityVersion = "Xcode 3.2";
			developmentRegion = English;
			hasScannedForEncodings = 0;
			knownRegions = (
				en,
				Base,
			);
			mainGroup = 84291EFF1E87B33A00778762;
			productRefGroup = 84291F091E87B33A00778762 /* Products */;
			projectDirPath = "";
			projectRoot = "";
			targets = (
				84291F071E87B33A00778762 /* TestMemoryLeak */,
				84291F211E87B33B00778762 /* TestMemoryLeakTests */,
				84291F2C1E87B33B00778762 /* TestMemoryLeakUITests */,
			);
		};
/* End PBXProject section */

/* Begin PBXResourcesBuildPhase section */
		84291F061E87B33A00778762 /* Resources */ = {
			isa = PBXResourcesBuildPhase;
			buildActionMask = 2147483647;
			files = (
				84291F171E87B33B00778762 /* Main.storyboard in Resources */,
				84291F0E1E87B33A00778762 /* GameScene.sks in Resources */,
				84291F191E87B33B00778762 /* Assets.xcassets in Resources */,
				84291F1C1E87B33B00778762 /* LaunchScreen.storyboard in Resources */,
				84291F101E87B33A00778762 /* Actions.sks in Resources */,
			);
			runOnlyForDeploymentPostprocessing = 0;
		};
		84291F201E87B33B00778762 /* Resources */ = {
			isa = PBXResourcesBuildPhase;
			buildActionMask = 2147483647;
			files = (
			);
			runOnlyForDeploymentPostprocessing = 0;
		};
		84291F2B1E87B33B00778762 /* Resources */ = {
			isa = PBXResourcesBuildPhase;
			buildActionMask = 2147483647;
			files = (
			);
			runOnlyForDeploymentPostprocessing = 0;
		};
/* End PBXResourcesBuildPhase section */

/* Begin PBXSourcesBuildPhase section */
		84291F041E87B33A00778762 /* Sources */ = {
			isa = PBXSourcesBuildPhase;
			buildActionMask = 2147483647;
			files = (
				84291F121E87B33A00778762 /* GameScene.swift in Sources */,
				84291F141E87B33B00778762 /* GameViewController.swift in Sources */,
				84291F421E87B71600778762 /* B.swift in Sources */,
				84291F0C1E87B33A00778762 /* AppDelegate.swift in Sources */,
				84291F401E87B40000778762 /* A.swift in Sources */,
				84291F441E87BC6900778762 /* NewSence.swift in Sources */,
			);
			runOnlyForDeploymentPostprocessing = 0;
		};
		84291F1E1E87B33B00778762 /* Sources */ = {
			isa = PBXSourcesBuildPhase;
			buildActionMask = 2147483647;
			files = (
				84291F271E87B33B00778762 /* TestMemoryLeakTests.swift in Sources */,
			);
			runOnlyForDeploymentPostprocessing = 0;
		};
		84291F291E87B33B00778762 /* Sources */ = {
			isa = PBXSourcesBuildPhase;
			buildActionMask = 2147483647;
			files = (
				84291F321E87B33B00778762 /* TestMemoryLeakUITests.swift in Sources */,
			);
			runOnlyForDeploymentPostprocessing = 0;
		};
/* End PBXSourcesBuildPhase section */

/* Begin PBXTargetDependency section */
		84291F241E87B33B00778762 /* PBXTargetDependency */ = {
			isa = PBXTargetDependency;
			target = 84291F071E87B33A00778762 /* TestMemoryLeak */;
			targetProxy = 84291F231E87B33B00778762 /* PBXContainerItemProxy */;
		};
		84291F2F1E87B33B00778762 /* PBXTargetDependency */ = {
			isa = PBXTargetDependency;
			target = 84291F071E87B33A00778762 /* TestMemoryLeak */;
			targetProxy = 84291F2E1E87B33B00778762 /* PBXContainerItemProxy */;
		};
/* End PBXTargetDependency section */

/* Begin PBXVariantGroup section */
		84291F151E87B33B00778762 /* Main.storyboard */ = {
			isa = PBXVariantGroup;
			children = (
				84291F161E87B33B00778762 /* Base */,
			);
			name = Main.storyboard;
			sourceTree = "<group>";
		};
		84291F1A1E87B33B00778762 /* LaunchScreen.storyboard */ = {
			isa = PBXVariantGroup;
			children = (
				84291F1B1E87B33B00778762 /* Base */,
			);
			name = LaunchScreen.storyboard;
			sourceTree = "<group>";
		};
/* End PBXVariantGroup section */

/* Begin XCBuildConfiguration section */
		84291F341E87B33B00778762 /* Debug */ = {
			isa = XCBuildConfiguration;
			buildSettings = {
				ALWAYS_SEARCH_USER_PATHS = NO;
				CLANG_ANALYZER_NONNULL = YES;
				CLANG_CXX_LANGUAGE_STANDARD = "gnu++0x";
				CLANG_CXX_LIBRARY = "libc++";
				CLANG_ENABLE_MODULES = YES;
				CLANG_ENABLE_OBJC_ARC = YES;
				CLANG_WARN_BOOL_CONVERSION = YES;
				CLANG_WARN_CONSTANT_CONVERSION = YES;
				CLANG_WARN_DIRECT_OBJC_ISA_USAGE = YES_ERROR;
				CLANG_WARN_DOCUMENTATION_COMMENTS = YES;
				CLANG_WARN_EMPTY_BODY = YES;
				CLANG_WARN_ENUM_CONVERSION = YES;
				CLANG_WARN_INFINITE_RECURSION = YES;
				CLANG_WARN_INT_CONVERSION = YES;
				CLANG_WARN_OBJC_ROOT_CLASS = YES_ERROR;
				CLANG_WARN_SUSPICIOUS_MOVE = YES;
				CLANG_WARN_UNREACHABLE_CODE = YES;
				CLANG_WARN__DUPLICATE_METHOD_MATCH = YES;
				"CODE_SIGN_IDENTITY[sdk=iphoneos*]" = "iPhone Developer";
				COPY_PHASE_STRIP = NO;
				DEBUG_INFORMATION_FORMAT = dwarf;
				ENABLE_STRICT_OBJC_MSGSEND = YES;
				ENABLE_TESTABILITY = YES;
				GCC_C_LANGUAGE_STANDARD = gnu99;
				GCC_DYNAMIC_NO_PIC = NO;
				GCC_NO_COMMON_BLOCKS = YES;
				GCC_OPTIMIZATION_LEVEL = 0;
				GCC_PREPROCESSOR_DEFINITIONS = (
					"DEBUG=1",
					"$(inherited)",
				);
				GCC_WARN_64_TO_32_BIT_CONVERSION = YES;
				GCC_WARN_ABOUT_RETURN_TYPE = YES_ERROR;
				GCC_WARN_UNDECLARED_SELECTOR = YES;
				GCC_WARN_UNINITIALIZED_AUTOS = YES_AGGRESSIVE;
				GCC_WARN_UNUSED_FUNCTION = YES;
				GCC_WARN_UNUSED_VARIABLE = YES;
				IPHONEOS_DEPLOYMENT_TARGET = 10.2;
				MTL_ENABLE_DEBUG_INFO = YES;
				ONLY_ACTIVE_ARCH = YES;
				SDKROOT = iphoneos;
				SWIFT_ACTIVE_COMPILATION_CONDITIONS = DEBUG;
				SWIFT_OPTIMIZATION_LEVEL = "-Onone";
				TARGETED_DEVICE_FAMILY = "1,2";
			};
			name = Debug;
		};
		84291F351E87B33B00778762 /* Release */ = {
			isa = XCBuildConfiguration;
			buildSettings = {
				ALWAYS_SEARCH_USER_PATHS = NO;
				CLANG_ANALYZER_NONNULL = YES;
				CLANG_CXX_LANGUAGE_STANDARD = "gnu++0x";
				CLANG_CXX_LIBRARY = "libc++";
				CLANG_ENABLE_MODULES = YES;
				CLANG_ENABLE_OBJC_ARC = YES;
				CLANG_WARN_BOOL_CONVERSION = YES;
				CLANG_WARN_CONSTANT_CONVERSION = YES;
				CLANG_WARN_DIRECT_OBJC_ISA_USAGE = YES_ERROR;
				CLANG_WARN_DOCUMENTATION_COMMENTS = YES;
				CLANG_WARN_EMPTY_BODY = YES;
				CLANG_WARN_ENUM_CONVERSION = YES;
				CLANG_WARN_INFINITE_RECURSION = YES;
				CLANG_WARN_INT_CONVERSION = YES;
				CLANG_WARN_OBJC_ROOT_CLASS = YES_ERROR;
				CLANG_WARN_SUSPICIOUS_MOVE = YES;
				CLANG_WARN_UNREACHABLE_CODE = YES;
				CLANG_WARN__DUPLICATE_METHOD_MATCH = YES;
				"CODE_SIGN_IDENTITY[sdk=iphoneos*]" = "iPhone Developer";
				COPY_PHASE_STRIP = NO;
				DEBUG_INFORMATION_FORMAT = "dwarf-with-dsym";
				ENABLE_NS_ASSERTIONS = NO;
				ENABLE_STRICT_OBJC_MSGSEND = YES;
				GCC_C_LANGUAGE_STANDARD = gnu99;
				GCC_NO_COMMON_BLOCKS = YES;
				GCC_WARN_64_TO_32_BIT_CONVERSION = YES;
				GCC_WARN_ABOUT_RETURN_TYPE = YES_ERROR;
				GCC_WARN_UNDECLARED_SELECTOR = YES;
				GCC_WARN_UNINITIALIZED_AUTOS = YES_AGGRESSIVE;
				GCC_WARN_UNUSED_FUNCTION = YES;
				GCC_WARN_UNUSED_VARIABLE = YES;
				IPHONEOS_DEPLOYMENT_TARGET = 10.2;
				MTL_ENABLE_DEBUG_INFO = NO;
				SDKROOT = iphoneos;
				SWIFT_OPTIMIZATION_LEVEL = "-Owholemodule";
				TARGETED_DEVICE_FAMILY = "1,2";
				VALIDATE_PRODUCT = YES;
			};
			name = Release;
		};
		84291F371E87B33B00778762 /* Debug */ = {
			isa = XCBuildConfiguration;
			buildSettings = {
				ASSETCATALOG_COMPILER_APPICON_NAME = AppIcon;
				INFOPLIST_FILE = TestMemoryLeak/Info.plist;
				LD_RUNPATH_SEARCH_PATHS = "$(inherited) @executable_path/Frameworks";
				PRODUCT_BUNDLE_IDENTIFIER = "Huynh-Ha.TestMemoryLeak";
				PRODUCT_NAME = "$(TARGET_NAME)";
				SWIFT_VERSION = 3.0;
			};
			name = Debug;
		};
		84291F381E87B33B00778762 /* Release */ = {
			isa = XCBuildConfiguration;
			buildSettings = {
				ASSETCATALOG_COMPILER_APPICON_NAME = AppIcon;
				INFOPLIST_FILE = TestMemoryLeak/Info.plist;
				LD_RUNPATH_SEARCH_PATHS = "$(inherited) @executable_path/Frameworks";
				PRODUCT_BUNDLE_IDENTIFIER = "Huynh-Ha.TestMemoryLeak";
				PRODUCT_NAME = "$(TARGET_NAME)";
				SWIFT_VERSION = 3.0;
			};
			name = Release;
		};
		84291F3A1E87B33B00778762 /* Debug */ = {
			isa = XCBuildConfiguration;
			buildSettings = {
				ALWAYS_EMBED_SWIFT_STANDARD_LIBRARIES = YES;
				BUNDLE_LOADER = "$(TEST_HOST)";
				INFOPLIST_FILE = TestMemoryLeakTests/Info.plist;
				LD_RUNPATH_SEARCH_PATHS = "$(inherited) @executable_path/Frameworks @loader_path/Frameworks";
				PRODUCT_BUNDLE_IDENTIFIER = "Huynh-Ha.TestMemoryLeakTests";
				PRODUCT_NAME = "$(TARGET_NAME)";
				SWIFT_VERSION = 3.0;
				TEST_HOST = "$(BUILT_PRODUCTS_DIR)/TestMemoryLeak.app/TestMemoryLeak";
			};
			name = Debug;
		};
		84291F3B1E87B33B00778762 /* Release */ = {
			isa = XCBuildConfiguration;
			buildSettings = {
				ALWAYS_EMBED_SWIFT_STANDARD_LIBRARIES = YES;
				BUNDLE_LOADER = "$(TEST_HOST)";
				INFOPLIST_FILE = TestMemoryLeakTests/Info.plist;
				LD_RUNPATH_SEARCH_PATHS = "$(inherited) @executable_path/Frameworks @loader_path/Frameworks";
				PRODUCT_BUNDLE_IDENTIFIER = "Huynh-Ha.TestMemoryLeakTests";
				PRODUCT_NAME = "$(TARGET_NAME)";
				SWIFT_VERSION = 3.0;
				TEST_HOST = "$(BUILT_PRODUCTS_DIR)/TestMemoryLeak.app/TestMemoryLeak";
			};
			name = Release;
		};
		84291F3D1E87B33B00778762 /* Debug */ = {
			isa = XCBuildConfiguration;
			buildSettings = {
				ALWAYS_EMBED_SWIFT_STANDARD_LIBRARIES = YES;
				INFOPLIST_FILE = TestMemoryLeakUITests/Info.plist;
				LD_RUNPATH_SEARCH_PATHS = "$(inherited) @executable_path/Frameworks @loader_path/Frameworks";
				PRODUCT_BUNDLE_IDENTIFIER = "Huynh-Ha.TestMemoryLeakUITests";
				PRODUCT_NAME = "$(TARGET_NAME)";
				SWIFT_VERSION = 3.0;
				TEST_TARGET_NAME = TestMemoryLeak;
			};
			name = Debug;
		};
		84291F3E1E87B33B00778762 /* Release */ = {
			isa = XCBuildConfiguration;
			buildSettings = {
				ALWAYS_EMBED_SWIFT_STANDARD_LIBRARIES = YES;
				INFOPLIST_FILE = TestMemoryLeakUITests/Info.plist;
				LD_RUNPATH_SEARCH_PATHS = "$(inherited) @executable_path/Frameworks @loader_path/Frameworks";
				PRODUCT_BUNDLE_IDENTIFIER = "Huynh-Ha.TestMemoryLeakUITests";
				PRODUCT_NAME = "$(TARGET_NAME)";
				SWIFT_VERSION = 3.0;
				TEST_TARGET_NAME = TestMemoryLeak;
			};
			name = Release;
		};
/* End XCBuildConfiguration section */

/* Begin XCConfigurationList section */
		84291F031E87B33A00778762 /* Build configuration list for PBXProject "TestMemoryLeak" */ = {
			isa = XCConfigurationList;
			buildConfigurations = (
				84291F341E87B33B00778762 /* Debug */,
				84291F351E87B33B00778762 /* Release */,
			);
			defaultConfigurationIsVisible = 0;
			defaultConfigurationName = Release;
		};
		84291F361E87B33B00778762 /* Build configuration list for PBXNativeTarget "TestMemoryLeak" */ = {
			isa = XCConfigurationList;
			buildConfigurations = (
				84291F371E87B33B00778762 /* Debug */,
				84291F381E87B33B00778762 /* Release */,
			);
			defaultConfigurationIsVisible = 0;
		};
		84291F391E87B33B00778762 /* Build configuration list for PBXNativeTarget "TestMemoryLeakTests" */ = {
			isa = XCConfigurationList;
			buildConfigurations = (
				84291F3A1E87B33B00778762 /* Debug */,
				84291F3B1E87B33B00778762 /* Release */,
			);
			defaultConfigurationIsVisible = 0;
		};
		84291F3C1E87B33B00778762 /* Build configuration list for PBXNativeTarget "TestMemoryLeakUITests" */ = {
			isa = XCConfigurationList;
			buildConfigurations = (
				84291F3D1E87B33B00778762 /* Debug */,
				84291F3E1E87B33B00778762 /* Release */,
			);
			defaultConfigurationIsVisible = 0;
		};
/* End XCConfigurationList section */
	};
	rootObject = 84291F001E87B33A00778762 /* Project object */;
}
